
Microsoft Visual Studio Solution File, Format Version 12.00
# Visual Studio Version 17
VisualStudioVersion = 17.10.35122.118
MinimumVisualStudioVersion = 10.0.40219.1
Project("{9A19103F-16F7-4668-BE54-9A1E7A4F7556}") = "Blackjack.App", "Blackjack.App\Blackjack.App.csproj", "{06894CC5-A537-488A-81A0-26BB51C7B80F}"
EndProject
Project("{9A19103F-16F7-4668-BE54-9A1E7A4F7556}") = "Blackjack", "Blackjack\Blackjack.csproj", "{7E47E5C0-3CFE-4DD0-B79E-8B792730B1E3}"
EndProject
Project("{9A19103F-16F7-4668-BE54-9A1E7A4F7556}") = "Blackjack.Tests", "Blackjack.Tests\Blackjack.Tests.csproj", "{10F849DE-3E89-47DA-87B0-560833495B4D}"
EndProject
Project("{2150E333-8FDC-42A3-9474-1A3956D46DE8}") = "Solution Items", "Solution Items", "{308B4B93-B3B2-417D-94B4-4D46F09AEE57}"
	ProjectSection(SolutionItems) = preProject
		Directory.Build.props = Directory.Build.props
		Directory.Build.targets = Directory.Build.targets
	EndProjectSection
EndProject
Global
	GlobalSection(SolutionConfigurationPlatforms) = preSolution
		Debug|Any CPU = Debug|Any CPU
		Release|Any CPU = Release|Any CPU
	EndGlobalSection
	GlobalSection(ProjectConfigurationPlatforms) = postSolution
		{06894CC5-A537-488A-81A0-26BB51C7B80F}.Debug|Any CPU.ActiveCfg = Debug|Any CPU
		{06894CC5-A537-488A-81A0-26BB51C7B80F}.Debug|Any CPU.Build.0 = Debug|Any CPU
		{06894CC5-A537-488A-81A0-26BB51C7B80F}.Release|Any CPU.ActiveCfg = Release|Any CPU
		{06894CC5-A537-488A-81A0-26BB51C7B80F}.Release|Any CPU.Build.0 = Release|Any CPU
		{7E47E5C0-3CFE-4DD0-B79E-8B792730B1E3}.Debug|Any CPU.ActiveCfg = Debug|Any CPU
		{7E47E5C0-3CFE-4DD0-B79E-8B792730B1E3}.Debug|Any CPU.Build.0 = Debug|Any CPU
		{7E47E5C0-3CFE-4DD0-B79E-8B792730B1E3}.Release|Any CPU.ActiveCfg = Release|Any CPU
		{7E47E5C0-3CFE-4DD0-B79E-8B792730B1E3}.Release|Any CPU.Build.0 = Release|Any CPU
		{10F849DE-3E89-47DA-87B0-560833495B4D}.Debug|Any CPU.ActiveCfg = Debug|Any CPU
		{10F849DE-3E89-47DA-87B0-560833495B4D}.Debug|Any CPU.Build.0 = Debug|Any CPU
		{10F849DE-3E89-47DA-87B0-560833495B4D}.Release|Any CPU.ActiveCfg = Release|Any CPU
		{10F849DE-3E89-47DA-87B0-560833495B4D}.Release|Any CPU.Build.0 = Release|Any CPU
	EndGlobalSection
	GlobalSection(SolutionProperties) = preSolution
		HideSolutionNode = FALSE
	EndGlobalSection
	GlobalSection(ExtensibilityGlobals) = postSolution
		SolutionGuid = {657DEF6C-E2CC-4082-ADAC-82B7FB6C2030}
	EndGlobalSection
EndGlobal
